
Microsoft Visual Studio Solution File, Format Version 12.00
# Visual Studio 15
VisualStudioVersion = 15.0.27703.2042
MinimumVisualStudioVersion = 10.0.40219.1
Project("{8BC9CEB8-8B4A-11D0-8D11-00A0C91BC942}") = "adjacency_map", "graph\graph.vcxproj", "{D8054858-3E83-4ACE-8B54-C2F53103E45F}"
EndProject
Project("{8BC9CEB8-8B4A-11D0-8D11-00A0C91BC942}") = "adjacency_list", "adjacency_list\adjacency_list.vcxproj", "{5C981B29-0FA4-4769-B8C3-6EC26A737147}"
EndProject
Global
	GlobalSection(SolutionConfigurationPlatforms) = preSolution
		Debug|x64 = Debug|x64
		Debug|x86 = Debug|x86
		Release|x64 = Release|x64
		Release|x86 = Release|x86
	EndGlobalSection
	GlobalSection(ProjectConfigurationPlatforms) = postSolution
		{D8054858-3E83-4ACE-8B54-C2F53103E45F}.Debug|x64.ActiveCfg = Debug|x64
		{D8054858-3E83-4ACE-8B54-C2F53103E45F}.Debug|x64.Build.0 = Debug|x64
		{D8054858-3E83-4ACE-8B54-C2F53103E45F}.Debug|x86.ActiveCfg = Debug|Win32
		{D8054858-3E83-4ACE-8B54-C2F53103E45F}.Debug|x86.Build.0 = Debug|Win32
		{D8054858-3E83-4ACE-8B54-C2F53103E45F}.Release|x64.ActiveCfg = Release|x64
		{D8054858-3E83-4ACE-8B54-C2F53103E45F}.Release|x64.Build.0 = Release|x64
		{D8054858-3E83-4ACE-8B54-C2F53103E45F}.Release|x86.ActiveCfg = Release|Win32
		{D8054858-3E83-4ACE-8B54-C2F53103E45F}.Release|x86.Build.0 = Release|Win32
		{5C981B29-0FA4-4769-B8C3-6EC26A737147}.Debug|x64.ActiveCfg = Debug|x64
		{5C981B29-0FA4-4769-B8C3-6EC26A737147}.Debug|x64.Build.0 = Debug|x64
		{5C981B29-0FA4-4769-B8C3-6EC26A737147}.Debug|x86.ActiveCfg = Debug|Win32
		{5C981B29-0FA4-4769-B8C3-6EC26A737147}.Debug|x86.Build.0 = Debug|Win32
		{5C981B29-0FA4-4769-B8C3-6EC26A737147}.Release|x64.ActiveCfg = Release|x64
		{5C981B29-0FA4-4769-B8C3-6EC26A737147}.Release|x64.Build.0 = Release|x64
		{5C981B29-0FA4-4769-B8C3-6EC26A737147}.Release|x86.ActiveCfg = Release|Win32
		{5C981B29-0FA4-4769-B8C3-6EC26A737147}.Release|x86.Build.0 = Release|Win32
	EndGlobalSection
	GlobalSection(SolutionProperties) = preSolution
		HideSolutionNode = FALSE
	EndGlobalSection
	GlobalSection(ExtensibilityGlobals) = postSolution
		SolutionGuid = {C0453F00-E9B4-487E-BBB4-01D6E1C8AC03}
	EndGlobalSection
EndGlobal
