
Microsoft Visual Studio Solution File, Format Version 12.00
# Visual Studio 15
VisualStudioVersion = 15.0.27703.2042
MinimumVisualStudioVersion = 10.0.40219.1
Project("{8BC9CEB8-8B4A-11D0-8D11-00A0C91BC942}") = "heap", "heap\heap.vcxproj", "{4E6D30F5-1DD6-440D-BDAF-A361E5D67A60}"
EndProject
Global
	GlobalSection(SolutionConfigurationPlatforms) = preSolution
		Debug|x64 = Debug|x64
		Debug|x86 = Debug|x86
		Release|x64 = Release|x64
		Release|x86 = Release|x86
	EndGlobalSection
	GlobalSection(ProjectConfigurationPlatforms) = postSolution
		{4E6D30F5-1DD6-440D-BDAF-A361E5D67A60}.Debug|x64.ActiveCfg = Debug|x64
		{4E6D30F5-1DD6-440D-BDAF-A361E5D67A60}.Debug|x64.Build.0 = Debug|x64
		{4E6D30F5-1DD6-440D-BDAF-A361E5D67A60}.Debug|x86.ActiveCfg = Debug|Win32
		{4E6D30F5-1DD6-440D-BDAF-A361E5D67A60}.Debug|x86.Build.0 = Debug|Win32
		{4E6D30F5-1DD6-440D-BDAF-A361E5D67A60}.Release|x64.ActiveCfg = Release|x64
		{4E6D30F5-1DD6-440D-BDAF-A361E5D67A60}.Release|x64.Build.0 = Release|x64
		{4E6D30F5-1DD6-440D-BDAF-A361E5D67A60}.Release|x86.ActiveCfg = Release|Win32
		{4E6D30F5-1DD6-440D-BDAF-A361E5D67A60}.Release|x86.Build.0 = Release|Win32
	EndGlobalSection
	GlobalSection(SolutionProperties) = preSolution
		HideSolutionNode = FALSE
	EndGlobalSection
	GlobalSection(ExtensibilityGlobals) = postSolution
		SolutionGuid = {BC810AD0-5DC5-483B-86C1-79E23D62BBE9}
	EndGlobalSection
EndGlobal
