
Microsoft Visual Studio Solution File, Format Version 12.00
# Visual Studio 15
VisualStudioVersion = 15.0.27703.2042
MinimumVisualStudioVersion = 10.0.40219.1
Project("{8BC9CEB8-8B4A-11D0-8D11-00A0C91BC942}") = "dfs_bfs", "dfs_bfs\dfs_bfs.vcxproj", "{CBD47D38-D1D6-454B-AC5A-E87C18D54577}"
EndProject
Project("{8BC9CEB8-8B4A-11D0-8D11-00A0C91BC942}") = "calc-kin", "calc-kin\calc-kin.vcxproj", "{598BF0B9-0ADB-41F4-907D-AE8DE023EE4F}"
EndProject
Global
	GlobalSection(SolutionConfigurationPlatforms) = preSolution
		Debug|x64 = Debug|x64
		Debug|x86 = Debug|x86
		Release|x64 = Release|x64
		Release|x86 = Release|x86
	EndGlobalSection
	GlobalSection(ProjectConfigurationPlatforms) = postSolution
		{CBD47D38-D1D6-454B-AC5A-E87C18D54577}.Debug|x64.ActiveCfg = Debug|x64
		{CBD47D38-D1D6-454B-AC5A-E87C18D54577}.Debug|x64.Build.0 = Debug|x64
		{CBD47D38-D1D6-454B-AC5A-E87C18D54577}.Debug|x86.ActiveCfg = Debug|Win32
		{CBD47D38-D1D6-454B-AC5A-E87C18D54577}.Debug|x86.Build.0 = Debug|Win32
		{CBD47D38-D1D6-454B-AC5A-E87C18D54577}.Release|x64.ActiveCfg = Release|x64
		{CBD47D38-D1D6-454B-AC5A-E87C18D54577}.Release|x64.Build.0 = Release|x64
		{CBD47D38-D1D6-454B-AC5A-E87C18D54577}.Release|x86.ActiveCfg = Release|Win32
		{CBD47D38-D1D6-454B-AC5A-E87C18D54577}.Release|x86.Build.0 = Release|Win32
		{598BF0B9-0ADB-41F4-907D-AE8DE023EE4F}.Debug|x64.ActiveCfg = Debug|x64
		{598BF0B9-0ADB-41F4-907D-AE8DE023EE4F}.Debug|x64.Build.0 = Debug|x64
		{598BF0B9-0ADB-41F4-907D-AE8DE023EE4F}.Debug|x86.ActiveCfg = Debug|Win32
		{598BF0B9-0ADB-41F4-907D-AE8DE023EE4F}.Debug|x86.Build.0 = Debug|Win32
		{598BF0B9-0ADB-41F4-907D-AE8DE023EE4F}.Release|x64.ActiveCfg = Release|x64
		{598BF0B9-0ADB-41F4-907D-AE8DE023EE4F}.Release|x64.Build.0 = Release|x64
		{598BF0B9-0ADB-41F4-907D-AE8DE023EE4F}.Release|x86.ActiveCfg = Release|Win32
		{598BF0B9-0ADB-41F4-907D-AE8DE023EE4F}.Release|x86.Build.0 = Release|Win32
	EndGlobalSection
	GlobalSection(SolutionProperties) = preSolution
		HideSolutionNode = FALSE
	EndGlobalSection
	GlobalSection(ExtensibilityGlobals) = postSolution
		SolutionGuid = {B34AD7CA-06CF-46E8-AE16-389ED308DB2B}
	EndGlobalSection
EndGlobal
