
Microsoft Visual Studio Solution File, Format Version 12.00
# Visual Studio Version 16
VisualStudioVersion = 16.0.29806.167
MinimumVisualStudioVersion = 10.0.40219.1
Project("{8BC9CEB8-8B4A-11D0-8D11-00A0C91BC942}") = "graph", "graph\graph.vcxproj", "{6B2D1DD3-3A3B-4399-A6D6-D4677032FA08}"
EndProject
Global
	GlobalSection(SolutionConfigurationPlatforms) = preSolution
		Debug|x64 = Debug|x64
		Debug|x86 = Debug|x86
		Release|x64 = Release|x64
		Release|x86 = Release|x86
	EndGlobalSection
	GlobalSection(ProjectConfigurationPlatforms) = postSolution
		{6B2D1DD3-3A3B-4399-A6D6-D4677032FA08}.Debug|x64.ActiveCfg = Debug|x64
		{6B2D1DD3-3A3B-4399-A6D6-D4677032FA08}.Debug|x64.Build.0 = Debug|x64
		{6B2D1DD3-3A3B-4399-A6D6-D4677032FA08}.Debug|x86.ActiveCfg = Debug|Win32
		{6B2D1DD3-3A3B-4399-A6D6-D4677032FA08}.Debug|x86.Build.0 = Debug|Win32
		{6B2D1DD3-3A3B-4399-A6D6-D4677032FA08}.Release|x64.ActiveCfg = Release|x64
		{6B2D1DD3-3A3B-4399-A6D6-D4677032FA08}.Release|x64.Build.0 = Release|x64
		{6B2D1DD3-3A3B-4399-A6D6-D4677032FA08}.Release|x86.ActiveCfg = Release|Win32
		{6B2D1DD3-3A3B-4399-A6D6-D4677032FA08}.Release|x86.Build.0 = Release|Win32
	EndGlobalSection
	GlobalSection(SolutionProperties) = preSolution
		HideSolutionNode = FALSE
	EndGlobalSection
	GlobalSection(ExtensibilityGlobals) = postSolution
		SolutionGuid = {BDA9A6A1-2697-4D59-BE03-9525B29BB2B8}
	EndGlobalSection
EndGlobal
